
Microsoft Visual Studio Solution File, Format Version 12.00
# Visual Studio 15
VisualStudioVersion = 15.0.27130.2010
MinimumVisualStudioVersion = 10.0.40219.1
Project("{E24C65DC-7377-472B-9ABA-BC803B73C61A}") = "WorldWebsiteTemplate", "WorldWebsiteTemplate\", "{0890CF8A-0F62-4A2D-A002-80597AA7ECA7}"
	ProjectSection(WebsiteProperties) = preProject
		TargetFrameworkMoniker = ".NETFramework,Version%3Dv4.6.1"
		Debug.AspNetCompiler.VirtualPath = "/localhost_52423"
		Debug.AspNetCompiler.PhysicalPath = "WorldWebsiteTemplate\"
		Debug.AspNetCompiler.TargetPath = "PrecompiledWeb\localhost_52423\"
		Debug.AspNetCompiler.Updateable = "true"
		Debug.AspNetCompiler.ForceOverwrite = "true"
		Debug.AspNetCompiler.FixedNames = "false"
		Debug.AspNetCompiler.Debug = "True"
		Release.AspNetCompiler.VirtualPath = "/localhost_52423"
		Release.AspNetCompiler.PhysicalPath = "WorldWebsiteTemplate\"
		Release.AspNetCompiler.TargetPath = "PrecompiledWeb\localhost_52423\"
		Release.AspNetCompiler.Updateable = "true"
		Release.AspNetCompiler.ForceOverwrite = "true"
		Release.AspNetCompiler.FixedNames = "false"
		Release.AspNetCompiler.Debug = "False"
		VWDPort = "52423"
		DefaultWebSiteLanguage = "Visual C#"
	EndProjectSection
EndProject
Global
	GlobalSection(SolutionConfigurationPlatforms) = preSolution
		Debug|Any CPU = Debug|Any CPU
	EndGlobalSection
	GlobalSection(ProjectConfigurationPlatforms) = postSolution
		{0890CF8A-0F62-4A2D-A002-80597AA7ECA7}.Debug|Any CPU.ActiveCfg = Debug|Any CPU
		{0890CF8A-0F62-4A2D-A002-80597AA7ECA7}.Debug|Any CPU.Build.0 = Debug|Any CPU
	EndGlobalSection
	GlobalSection(SolutionProperties) = preSolution
		HideSolutionNode = FALSE
	EndGlobalSection
	GlobalSection(ExtensibilityGlobals) = postSolution
		SolutionGuid = {371E9448-7632-4F57-AFDD-425BC4C7AC3E}
	EndGlobalSection
EndGlobal
